
Microsoft Visual Studio Solution File, Format Version 12.00
# Visual Studio Version 17
VisualStudioVersion = 17.4.33213.308
MinimumVisualStudioVersion = 10.0.40219.1
Project("{FAE04EC0-301F-11D3-BF4B-00C04F79EFBC}") = "StairsSnakes", "StairsSnakes\StairsSnakes.csproj", "{5D21BE3E-031E-420F-8D15-F955B5C57A5E}"
EndProject
Project("{FAE04EC0-301F-11D3-BF4B-00C04F79EFBC}") = "StairsSnakesTest", "StairsSnakesTest\StairsSnakesTest.csproj", "{A25F51FD-E089-4FDC-B95E-518762AA21DE}"
EndProject
Global
	GlobalSection(SolutionConfigurationPlatforms) = preSolution
		Debug|Any CPU = Debug|Any CPU
		Release|Any CPU = Release|Any CPU
	EndGlobalSection
	GlobalSection(ProjectConfigurationPlatforms) = postSolution
		{5D21BE3E-031E-420F-8D15-F955B5C57A5E}.Debug|Any CPU.ActiveCfg = Debug|Any CPU
		{5D21BE3E-031E-420F-8D15-F955B5C57A5E}.Debug|Any CPU.Build.0 = Debug|Any CPU
		{5D21BE3E-031E-420F-8D15-F955B5C57A5E}.Release|Any CPU.ActiveCfg = Release|Any CPU
		{5D21BE3E-031E-420F-8D15-F955B5C57A5E}.Release|Any CPU.Build.0 = Release|Any CPU
		{A25F51FD-E089-4FDC-B95E-518762AA21DE}.Debug|Any CPU.ActiveCfg = Debug|Any CPU
		{A25F51FD-E089-4FDC-B95E-518762AA21DE}.Debug|Any CPU.Build.0 = Debug|Any CPU
		{A25F51FD-E089-4FDC-B95E-518762AA21DE}.Release|Any CPU.ActiveCfg = Release|Any CPU
		{A25F51FD-E089-4FDC-B95E-518762AA21DE}.Release|Any CPU.Build.0 = Release|Any CPU
	EndGlobalSection
	GlobalSection(SolutionProperties) = preSolution
		HideSolutionNode = FALSE
	EndGlobalSection
	GlobalSection(ExtensibilityGlobals) = postSolution
		SolutionGuid = {F65A1663-95BB-4C1F-8AC4-866F37A4FA05}
	EndGlobalSection
EndGlobal
